
Microsoft Visual Studio Solution File, Format Version 12.00
# Visual Studio Version 17
VisualStudioVersion = 17.5.33627.172
MinimumVisualStudioVersion = 10.0.40219.1
Project("{2150E333-8FDC-42A3-9474-1A3956D46DE8}") = "src", "src", "{49B86085-78B0-4EEF-A5DA-928AB338E53F}"
EndProject
Project("{2150E333-8FDC-42A3-9474-1A3956D46DE8}") = "testes", "testes", "{9690F28A-CFE2-4C09-86A1-AA95298CDBBA}"
EndProject
Project("{2150E333-8FDC-42A3-9474-1A3956D46DE8}") = "backend", "backend", "{01250C13-4962-49CA-B4F5-DDFDE25B2EA8}"
EndProject
Project("{2150E333-8FDC-42A3-9474-1A3956D46DE8}") = "Shared", "Shared", "{A6915CEB-506E-4E8F-B9CB-12C07E790262}"
EndProject
Project("{FAE04EC0-301F-11D3-BF4B-00C04F79EFBC}") = "RecipeBook.Comunication", "src\Shared\RecipeBook.Comunication\RecipeBook.Comunication.csproj", "{B8731C64-E404-42CC-9D08-A6187A3F1986}"
EndProject
Project("{FAE04EC0-301F-11D3-BF4B-00C04F79EFBC}") = "RecipeBook.Exceptions", "RecipeBook.Exceptions\RecipeBook.Exceptions.csproj", "{2F882421-00F1-419F-9F1A-CA6355032C39}"
EndProject
Project("{FAE04EC0-301F-11D3-BF4B-00C04F79EFBC}") = "RecipeBook.Application", "src\Backend\RecipeBook.Application\RecipeBook.Application.csproj", "{774589C8-1881-466D-89EC-06E8765DA3DC}"
EndProject
Project("{FAE04EC0-301F-11D3-BF4B-00C04F79EFBC}") = "RecipeBook.Domain", "src\Backend\RecipeBook.Domain\RecipeBook.Domain.csproj", "{2D1EE0F7-5AAE-4FD9-AB44-22A3017B7880}"
EndProject
Project("{FAE04EC0-301F-11D3-BF4B-00C04F79EFBC}") = "RecipeBook.Infraestruture", "src\Backend\RecipeBook.Infraestruture\RecipeBook.Infraestruture.csproj", "{9E2E37D9-B9FC-4A85-AA61-6003EA991E64}"
EndProject
Project("{FAE04EC0-301F-11D3-BF4B-00C04F79EFBC}") = "RecipeBook.Api", "src\Backend\RecipeBook.Api\RecipeBook.Api.csproj", "{0778AA07-CBE0-4231-ACB0-4DBE1D819A4D}"
EndProject
Project("{FAE04EC0-301F-11D3-BF4B-00C04F79EFBC}") = "Validators.Test", "tests\Validators.Test\Validators.Test.csproj", "{4CAD58C2-320D-4C58-BF33-C2957821D3EB}"
EndProject
Project("{FAE04EC0-301F-11D3-BF4B-00C04F79EFBC}") = "UseCases.Test", "tests\UseCases.Test\UseCases.Test.csproj", "{015FB732-3893-40C4-B599-A6108409BBFF}"
EndProject
Project("{FAE04EC0-301F-11D3-BF4B-00C04F79EFBC}") = "WebApi.Test", "tests\WebApi.Test\WebApi.Test.csproj", "{D2B8680D-76FF-4A1C-AEBA-12D8AC4496E1}"
EndProject
Global
	GlobalSection(SolutionConfigurationPlatforms) = preSolution
		Debug|Any CPU = Debug|Any CPU
		Release|Any CPU = Release|Any CPU
	EndGlobalSection
	GlobalSection(ProjectConfigurationPlatforms) = postSolution
		{B8731C64-E404-42CC-9D08-A6187A3F1986}.Debug|Any CPU.ActiveCfg = Debug|Any CPU
		{B8731C64-E404-42CC-9D08-A6187A3F1986}.Debug|Any CPU.Build.0 = Debug|Any CPU
		{B8731C64-E404-42CC-9D08-A6187A3F1986}.Release|Any CPU.ActiveCfg = Release|Any CPU
		{B8731C64-E404-42CC-9D08-A6187A3F1986}.Release|Any CPU.Build.0 = Release|Any CPU
		{2F882421-00F1-419F-9F1A-CA6355032C39}.Debug|Any CPU.ActiveCfg = Debug|Any CPU
		{2F882421-00F1-419F-9F1A-CA6355032C39}.Debug|Any CPU.Build.0 = Debug|Any CPU
		{2F882421-00F1-419F-9F1A-CA6355032C39}.Release|Any CPU.ActiveCfg = Release|Any CPU
		{2F882421-00F1-419F-9F1A-CA6355032C39}.Release|Any CPU.Build.0 = Release|Any CPU
		{774589C8-1881-466D-89EC-06E8765DA3DC}.Debug|Any CPU.ActiveCfg = Debug|Any CPU
		{774589C8-1881-466D-89EC-06E8765DA3DC}.Debug|Any CPU.Build.0 = Debug|Any CPU
		{774589C8-1881-466D-89EC-06E8765DA3DC}.Release|Any CPU.ActiveCfg = Release|Any CPU
		{774589C8-1881-466D-89EC-06E8765DA3DC}.Release|Any CPU.Build.0 = Release|Any CPU
		{2D1EE0F7-5AAE-4FD9-AB44-22A3017B7880}.Debug|Any CPU.ActiveCfg = Debug|Any CPU
		{2D1EE0F7-5AAE-4FD9-AB44-22A3017B7880}.Debug|Any CPU.Build.0 = Debug|Any CPU
		{2D1EE0F7-5AAE-4FD9-AB44-22A3017B7880}.Release|Any CPU.ActiveCfg = Release|Any CPU
		{2D1EE0F7-5AAE-4FD9-AB44-22A3017B7880}.Release|Any CPU.Build.0 = Release|Any CPU
		{9E2E37D9-B9FC-4A85-AA61-6003EA991E64}.Debug|Any CPU.ActiveCfg = Debug|Any CPU
		{9E2E37D9-B9FC-4A85-AA61-6003EA991E64}.Debug|Any CPU.Build.0 = Debug|Any CPU
		{9E2E37D9-B9FC-4A85-AA61-6003EA991E64}.Release|Any CPU.ActiveCfg = Release|Any CPU
		{9E2E37D9-B9FC-4A85-AA61-6003EA991E64}.Release|Any CPU.Build.0 = Release|Any CPU
		{0778AA07-CBE0-4231-ACB0-4DBE1D819A4D}.Debug|Any CPU.ActiveCfg = Debug|Any CPU
		{0778AA07-CBE0-4231-ACB0-4DBE1D819A4D}.Debug|Any CPU.Build.0 = Debug|Any CPU
		{0778AA07-CBE0-4231-ACB0-4DBE1D819A4D}.Release|Any CPU.ActiveCfg = Release|Any CPU
		{0778AA07-CBE0-4231-ACB0-4DBE1D819A4D}.Release|Any CPU.Build.0 = Release|Any CPU
		{4CAD58C2-320D-4C58-BF33-C2957821D3EB}.Debug|Any CPU.ActiveCfg = Debug|Any CPU
		{4CAD58C2-320D-4C58-BF33-C2957821D3EB}.Debug|Any CPU.Build.0 = Debug|Any CPU
		{4CAD58C2-320D-4C58-BF33-C2957821D3EB}.Release|Any CPU.ActiveCfg = Release|Any CPU
		{4CAD58C2-320D-4C58-BF33-C2957821D3EB}.Release|Any CPU.Build.0 = Release|Any CPU
		{015FB732-3893-40C4-B599-A6108409BBFF}.Debug|Any CPU.ActiveCfg = Debug|Any CPU
		{015FB732-3893-40C4-B599-A6108409BBFF}.Debug|Any CPU.Build.0 = Debug|Any CPU
		{015FB732-3893-40C4-B599-A6108409BBFF}.Release|Any CPU.ActiveCfg = Release|Any CPU
		{015FB732-3893-40C4-B599-A6108409BBFF}.Release|Any CPU.Build.0 = Release|Any CPU
		{D2B8680D-76FF-4A1C-AEBA-12D8AC4496E1}.Debug|Any CPU.ActiveCfg = Debug|Any CPU
		{D2B8680D-76FF-4A1C-AEBA-12D8AC4496E1}.Debug|Any CPU.Build.0 = Debug|Any CPU
		{D2B8680D-76FF-4A1C-AEBA-12D8AC4496E1}.Release|Any CPU.ActiveCfg = Release|Any CPU
		{D2B8680D-76FF-4A1C-AEBA-12D8AC4496E1}.Release|Any CPU.Build.0 = Release|Any CPU
	EndGlobalSection
	GlobalSection(SolutionProperties) = preSolution
		HideSolutionNode = FALSE
	EndGlobalSection
	GlobalSection(NestedProjects) = preSolution
		{01250C13-4962-49CA-B4F5-DDFDE25B2EA8} = {49B86085-78B0-4EEF-A5DA-928AB338E53F}
		{A6915CEB-506E-4E8F-B9CB-12C07E790262} = {49B86085-78B0-4EEF-A5DA-928AB338E53F}
		{B8731C64-E404-42CC-9D08-A6187A3F1986} = {A6915CEB-506E-4E8F-B9CB-12C07E790262}
		{2F882421-00F1-419F-9F1A-CA6355032C39} = {A6915CEB-506E-4E8F-B9CB-12C07E790262}
		{774589C8-1881-466D-89EC-06E8765DA3DC} = {01250C13-4962-49CA-B4F5-DDFDE25B2EA8}
		{2D1EE0F7-5AAE-4FD9-AB44-22A3017B7880} = {01250C13-4962-49CA-B4F5-DDFDE25B2EA8}
		{9E2E37D9-B9FC-4A85-AA61-6003EA991E64} = {01250C13-4962-49CA-B4F5-DDFDE25B2EA8}
		{0778AA07-CBE0-4231-ACB0-4DBE1D819A4D} = {01250C13-4962-49CA-B4F5-DDFDE25B2EA8}
		{4CAD58C2-320D-4C58-BF33-C2957821D3EB} = {9690F28A-CFE2-4C09-86A1-AA95298CDBBA}
		{015FB732-3893-40C4-B599-A6108409BBFF} = {9690F28A-CFE2-4C09-86A1-AA95298CDBBA}
		{D2B8680D-76FF-4A1C-AEBA-12D8AC4496E1} = {9690F28A-CFE2-4C09-86A1-AA95298CDBBA}
	EndGlobalSection
	GlobalSection(ExtensibilityGlobals) = postSolution
		SolutionGuid = {A8060CBB-1A11-4E04-A562-278E9055E031}
	EndGlobalSection
EndGlobal
